{
  "name": "backend",
  "version": "1.0.0",
  "lockfileVersion": 3,
  "requires": true,
  "packages": {
    "": {
      "name": "backend",
      "version": "1.0.0",
      "license": "ISC",
      "dependencies": {
        "@instantdb/admin": "^0.22.96"
      }
    },
    "node_modules/@instantdb/admin": {
      "version": "0.22.96",
      "resolved": "https://registry.npmjs.org/@instantdb/admin/-/admin-0.22.96.tgz",
      "integrity": "sha512-jkFNVeK/pfCnPLRrs5yldXOOk6AXmyxuLyhxxSHRAn3IrMMgpH3iLvhO/6tZy9Niw7mve+6NCNxzxFKrAu8CiQ==",
      "dependencies": {
        "@instantdb/core": "0.22.96",
        "@instantdb/version": "0.22.96",
        "eventsource": "^4.0.0"
      }
    },
    "node_modules/@instantdb/core": {
      "version": "0.22.96",
      "resolved": "https://registry.npmjs.org/@instantdb/core/-/core-0.22.96.tgz",
      "integrity": "sha512-xD7vsR9OxnuxrZK1kyyv0YJZ9cgG/JYqthLKP4pBbqsEa4z92d5jqSfeSPEGvREn6ti4+JOuuBbjtRrnxY2x3g==",
      "dependencies": {
        "@instantdb/version": "0.22.96",
        "mutative": "^1.0.10",
        "uuid": "^11.1.0"
      }
    },
    "node_modules/@instantdb/version": {
      "version": "0.22.96",
      "resolved": "https://registry.npmjs.org/@instantdb/version/-/version-0.22.96.tgz",
      "integrity": "sha512-uFNsBse7oZckksQ+iFZtIP2TqAg1cFcxIaNg55v6lbVirKYAh5n3nQHgTFgu3usUlO+uM3KTtWeo2Op6Pm9aNg=="
    },
    "node_modules/eventsource": {
      "version": "4.1.0",
      "resolved": "https://registry.npmjs.org/eventsource/-/eventsource-4.1.0.tgz",
      "integrity": "sha512-2GuF51iuHX6A9xdTccMTsNb7VO0lHZihApxhvQzJB5A03DvHDd2FQepodbMaztPBmBcE/ox7o2gqaxGhYB9LhQ==",
      "license": "MIT",
      "dependencies": {
        "eventsource-parser": "^3.0.1"
      },
      "engines": {
        "node": ">=20.0.0"
      }
    },
    "node_modules/eventsource-parser": {
      "version": "3.0.6",
      "resolved": "https://registry.npmjs.org/eventsource-parser/-/eventsource-parser-3.0.6.tgz",
      "integrity": "sha512-Vo1ab+QXPzZ4tCa8SwIHJFaSzy4R6SHf7BY79rFBDf0idraZWAkYrDjDj8uWaSm3S2TK+hJ7/t1CEmZ7jXw+pg==",
      "license": "MIT",
      "engines": {
        "node": ">=18.0.0"
      }
    },
    "node_modules/mutative": {
      "version": "1.3.0",
      "resolved": "https://registry.npmjs.org/mutative/-/mutative-1.3.0.tgz",
      "integrity": "sha512-8MJj6URmOZAV70dpFe1YnSppRTKC4DsMkXQiBDFayLcDI4ljGokHxmpqaBQuDWa4iAxWaJJ1PS8vAmbntjjKmQ==",
      "license": "MIT",
      "engines": {
        "node": ">=14.0"
      }
    },
    "node_modules/uuid": {
      "version": "11.1.0",
      "resolved": "https://registry.npmjs.org/uuid/-/uuid-11.1.0.tgz",
      "integrity": "sha512-0/A9rDy9P7cJ+8w1c9WD9V//9Wj15Ce2MPz8Ri6032usz+NfePxx5AcN3bN+r6ZL6jEo066/yNYB3tn4pQEx+A==",
      "funding": [
        "https://github.com/sponsors/broofa",
        "https://github.com/sponsors/ctavan"
      ],
      "license": "MIT",
      "bin": {
        "uuid": "dist/esm/bin/uuid"
      }
    }
  }
}
